Microsoft Visual Studio Solution File, Format Version 12.00
# Visual Studio Version 17
VisualStudioVersion = 17.0.31903.59
MinimumVisualStudioVersion = 10.0.40219.1
Project("{F184B08F-C81C-45F6-A57F-5ABD9991F28F}") = "LegacyInvoices.Desktop", "legacy\LegacyInvoices.Desktop\LegacyInvoices.Desktop.vbproj", "{C9DFB641-A362-428A-9835-C82D4B3791B0}"
EndProject
Project("{F184B08F-C81C-45F6-A57F-5ABD9991F28F}") = "LegacyInvoices", "legacy\LegacyInvoices\LegacyInvoices.vbproj", "{A687F962-57EB-4D50-95FD-8AD120E1FE27}"
EndProject
Project("{F184B08F-C81C-45F6-A57F-5ABD9991F28F}") = "LegacyInvoices.Business", "legacy\LegacyInvoices.Business\LegacyInvoices.Business.vbproj", "{70607CF1-585B-480A-8A9E-33FEA3362256}"
EndProject
Global
	GlobalSection(SolutionConfigurationPlatforms) = preSolution
		Debug|Any CPU = Debug|Any CPU
		Release|Any CPU = Release|Any CPU
	EndGlobalSection
	GlobalSection(ProjectConfigurationPlatforms) = postSolution
		{70607CF1-585B-480A-8A9E-33FEA3362256}.Debug|Any CPU.ActiveCfg = Debug|Any CPU
		{70607CF1-585B-480A-8A9E-33FEA3362256}.Debug|Any CPU.Build.0 = Debug|Any CPU
		{70607CF1-585B-480A-8A9E-33FEA3362256}.Release|Any CPU.ActiveCfg = Release|Any CPU
		{70607CF1-585B-480A-8A9E-33FEA3362256}.Release|Any CPU.Build.0 = Release|Any CPU
		{C9DFB641-A362-428A-9835-C82D4B3791B0}.Debug|Any CPU.ActiveCfg = Debug|Any CPU
		{C9DFB641-A362-428A-9835-C82D4B3791B0}.Debug|Any CPU.Build.0 = Debug|Any CPU
		{C9DFB641-A362-428A-9835-C82D4B3791B0}.Release|Any CPU.ActiveCfg = Release|Any CPU
		{C9DFB641-A362-428A-9835-C82D4B3791B0}.Release|Any CPU.Build.0 = Release|Any CPU
		{A687F962-57EB-4D50-95FD-8AD120E1FE27}.Debug|Any CPU.ActiveCfg = Debug|Any CPU
		{A687F962-57EB-4D50-95FD-8AD120E1FE27}.Debug|Any CPU.Build.0 = Debug|Any CPU
		{A687F962-57EB-4D50-95FD-8AD120E1FE27}.Release|Any CPU.ActiveCfg = Release|Any CPU
		{A687F962-57EB-4D50-95FD-8AD120E1FE27}.Release|Any CPU.Build.0 = Release|Any CPU
	EndGlobalSection
EndGlobal
