
Microsoft Visual Studio Solution File, Format Version 12.00
# Visual Studio Version 17
VisualStudioVersion = 17.0.31903.59
MinimumVisualStudioVersion = 10.0.40219.1
Project("{FAE04EC0-301F-11D3-BF4B-00C04F79EFBC}") = "ModernInvoices.Api", "src\ModernInvoices.Api\ModernInvoices.Api.csproj", "{322552C4-53A4-4EE9-98ED-A3DA972568E8}"
EndProject
Project("{2150E333-8FDC-42A3-9474-1A3956D46DE8}") = "src", "src", "{2AD43AA9-5B56-4338-A8BC-6D98CC7B8B6F}"
EndProject
Project("{FAE04EC0-301F-11D3-BF4B-00C04F79EFBC}") = "ModernInvoices.Core", "src\ModernInvoices.Core\ModernInvoices.Core.csproj", "{92403197-38E4-477D-81FE-A1B0F444420D}"
EndProject
Project("{FAE04EC0-301F-11D3-BF4B-00C04F79EFBC}") = "ModernInvoices.Cli", "src\ModernInvoices.Cli\ModernInvoices.Cli.csproj", "{4C521292-4976-4E72-8D5D-AA93154B6080}"
EndProject
Project("{2150E333-8FDC-42A3-9474-1A3956D46DE8}") = "tests", "tests", "{10641C13-D0F4-4D2B-A31A-5330CF53B94D}"
EndProject
Project("{F184B08F-C81C-45F6-A57F-5ABD9991F28F}") = "LegacyBaseline", "tests\LegacyBaseline\LegacyBaseline.vbproj", "{05805A62-5929-45FB-843B-ECF4DFD9979F}"
EndProject
Project("{FAE04EC0-301F-11D3-BF4B-00C04F79EFBC}") = "MigrationChecks", "tests\MigrationChecks\MigrationChecks.csproj", "{F8CAA728-3318-4DAC-A3F6-B4C6BF4411CE}"
EndProject
Project("{FAE04EC0-301F-11D3-BF4B-00C04F79EFBC}") = "ModernInvoices.Infrastructure", "src\ModernInvoices.Infrastructure\ModernInvoices.Infrastructure.csproj", "{9EF6168C-1C78-4607-A635-5BEDE875527E}"
EndProject
Global
	GlobalSection(SolutionConfigurationPlatforms) = preSolution
		Debug|Any CPU = Debug|Any CPU
		Release|Any CPU = Release|Any CPU
	EndGlobalSection
	GlobalSection(SolutionProperties) = preSolution
		HideSolutionNode = FALSE
	EndGlobalSection
	GlobalSection(ProjectConfigurationPlatforms) = postSolution
		{92403197-38E4-477D-81FE-A1B0F444420D}.Debug|Any CPU.ActiveCfg = Debug|Any CPU
		{92403197-38E4-477D-81FE-A1B0F444420D}.Debug|Any CPU.Build.0 = Debug|Any CPU
		{92403197-38E4-477D-81FE-A1B0F444420D}.Release|Any CPU.ActiveCfg = Release|Any CPU
		{92403197-38E4-477D-81FE-A1B0F444420D}.Release|Any CPU.Build.0 = Release|Any CPU
		{322552C4-53A4-4EE9-98ED-A3DA972568E8}.Debug|Any CPU.ActiveCfg = Debug|Any CPU
		{322552C4-53A4-4EE9-98ED-A3DA972568E8}.Debug|Any CPU.Build.0 = Debug|Any CPU
		{322552C4-53A4-4EE9-98ED-A3DA972568E8}.Release|Any CPU.ActiveCfg = Release|Any CPU
		{322552C4-53A4-4EE9-98ED-A3DA972568E8}.Release|Any CPU.Build.0 = Release|Any CPU
		{4C521292-4976-4E72-8D5D-AA93154B6080}.Debug|Any CPU.ActiveCfg = Debug|Any CPU
		{4C521292-4976-4E72-8D5D-AA93154B6080}.Debug|Any CPU.Build.0 = Debug|Any CPU
		{4C521292-4976-4E72-8D5D-AA93154B6080}.Release|Any CPU.ActiveCfg = Release|Any CPU
		{4C521292-4976-4E72-8D5D-AA93154B6080}.Release|Any CPU.Build.0 = Release|Any CPU
		{05805A62-5929-45FB-843B-ECF4DFD9979F}.Debug|Any CPU.ActiveCfg = Debug|Any CPU
		{05805A62-5929-45FB-843B-ECF4DFD9979F}.Debug|Any CPU.Build.0 = Debug|Any CPU
		{05805A62-5929-45FB-843B-ECF4DFD9979F}.Release|Any CPU.ActiveCfg = Release|Any CPU
		{05805A62-5929-45FB-843B-ECF4DFD9979F}.Release|Any CPU.Build.0 = Release|Any CPU
		{F8CAA728-3318-4DAC-A3F6-B4C6BF4411CE}.Debug|Any CPU.ActiveCfg = Debug|Any CPU
		{F8CAA728-3318-4DAC-A3F6-B4C6BF4411CE}.Debug|Any CPU.Build.0 = Debug|Any CPU
		{F8CAA728-3318-4DAC-A3F6-B4C6BF4411CE}.Release|Any CPU.ActiveCfg = Release|Any CPU
		{F8CAA728-3318-4DAC-A3F6-B4C6BF4411CE}.Release|Any CPU.Build.0 = Release|Any CPU
		{9EF6168C-1C78-4607-A635-5BEDE875527E}.Debug|Any CPU.ActiveCfg = Debug|Any CPU
		{9EF6168C-1C78-4607-A635-5BEDE875527E}.Debug|Any CPU.Build.0 = Debug|Any CPU
		{9EF6168C-1C78-4607-A635-5BEDE875527E}.Release|Any CPU.ActiveCfg = Release|Any CPU
		{9EF6168C-1C78-4607-A635-5BEDE875527E}.Release|Any CPU.Build.0 = Release|Any CPU
	EndGlobalSection
	GlobalSection(NestedProjects) = preSolution
		{92403197-38E4-477D-81FE-A1B0F444420D} = {2AD43AA9-5B56-4338-A8BC-6D98CC7B8B6F}
		{322552C4-53A4-4EE9-98ED-A3DA972568E8} = {2AD43AA9-5B56-4338-A8BC-6D98CC7B8B6F}
		{4C521292-4976-4E72-8D5D-AA93154B6080} = {2AD43AA9-5B56-4338-A8BC-6D98CC7B8B6F}
		{05805A62-5929-45FB-843B-ECF4DFD9979F} = {10641C13-D0F4-4D2B-A31A-5330CF53B94D}
		{F8CAA728-3318-4DAC-A3F6-B4C6BF4411CE} = {10641C13-D0F4-4D2B-A31A-5330CF53B94D}
		{9EF6168C-1C78-4607-A635-5BEDE875527E} = {2AD43AA9-5B56-4338-A8BC-6D98CC7B8B6F}
	EndGlobalSection
EndGlobal
